
Microsoft Visual Studio Solution File, Format Version 12.00
# Visual Studio Version 17
VisualStudioVersion = 17.4.33213.308
MinimumVisualStudioVersion = 10.0.40219.1
Project("{FAE04EC0-301F-11D3-BF4B-00C04F79EFBC}") = "itts_library", "itts_library\itts_library.csproj", "{984EEBE8-CED2-4B33-BD1F-A0D8AA7AD865}"
EndProject
Global
	GlobalSection(SolutionConfigurationPlatforms) = preSolution
		Debug|Any CPU = Debug|Any CPU
		Release|Any CPU = Release|Any CPU
	EndGlobalSection
	GlobalSection(ProjectConfigurationPlatforms) = postSolution
		{984EEBE8-CED2-4B33-BD1F-A0D8AA7AD865}.Debug|Any CPU.ActiveCfg = Debug|Any CPU
		{984EEBE8-CED2-4B33-BD1F-A0D8AA7AD865}.Debug|Any CPU.Build.0 = Debug|Any CPU
		{984EEBE8-CED2-4B33-BD1F-A0D8AA7AD865}.Release|Any CPU.ActiveCfg = Release|Any CPU
		{984EEBE8-CED2-4B33-BD1F-A0D8AA7AD865}.Release|Any CPU.Build.0 = Release|Any CPU
	EndGlobalSection
	GlobalSection(SolutionProperties) = preSolution
		HideSolutionNode = FALSE
	EndGlobalSection
	GlobalSection(ExtensibilityGlobals) = postSolution
		SolutionGuid = {215AE1C8-39FB-4E74-B3CE-E086F554387D}
	EndGlobalSection
EndGlobal
